Microsoft Visual Studio Solution File, Format Version 12.00
# Visual Studio Version 16
VisualStudioVersion = 16.0.29911.84
MinimumVisualStudioVersion = 10.0.40219.1
Project("{2150E333-8FDC-42A3-9474-1A3956D46DE8}") = "CSharp Samples .NET", "CSharp Samples .NET", "{82976A84-D964-4F76-B56E-77B8A9FAA8C9}"
EndProject
Project("{FAE04EC0-301F-11D3-BF4B-00C04F79EFBC}") = "OPC Client SDK .NET Controls", "C#\Sample Client\Common\OPC Client SDK .NET Controls.csproj", "{6142E9A6-5B32-423D-AEE2-DD23EA5B9BAB}"
EndProject
Project("{FAE04EC0-301F-11D3-BF4B-00C04F79EFBC}") = "OPC Client SDK .NET AE Sample Client", "C#\Sample Client\Ae\OPC Client SDK .NET AE Sample Client.csproj", "{3156BE93-8C15-4CB0-AC22-782094E05344}"
EndProject
Project("{FAE04EC0-301F-11D3-BF4B-00C04F79EFBC}") = "OPC Client SDK .NET DA Sample Client", "C#\Sample Client\Da\OPC Client SDK .NET DA Sample Client.csproj", "{93559F35-12E1-406A-B851-F34B31B4393F}"
EndProject
Project("{FAE04EC0-301F-11D3-BF4B-00C04F79EFBC}") = "OPC Client SDK .NET HDA Sample Client", "C#\Sample Client\Hda\OPC Client SDK .NET HDA Sample Client.csproj", "{DF212605-CF31-4B39-A137-046E74E6EB8D}"
EndProject
Project("{FAE04EC0-301F-11D3-BF4B-00C04F79EFBC}") = "ScPL Plotting Controls", "C#\Sample Client\ScPL\ScPL Plotting Controls.csproj", "{E6867FF5-74EC-4464-8958-D71CB46232F3}"
EndProject
Project("{2150E333-8FDC-42A3-9474-1A3956D46DE8}") = "Product Samples", "Product Samples", "{E2ABFFD8-6F86-446E-A831-EFC0BDF23822}"
EndProject
Project("{FAE04EC0-301F-11D3-BF4B-00C04F79EFBC}") = "DaBrowser", "C#\DaBrowser\DaBrowser.csproj", "{04E63504-A3AC-467C-946D-207E83754528}"
EndProject
Project("{FAE04EC0-301F-11D3-BF4B-00C04F79EFBC}") = "DaService", "C#\DaService\DaService.csproj", "{E710A894-58BD-48D0-8131-3034671A0B36}"
EndProject
Project("{FAE04EC0-301F-11D3-BF4B-00C04F79EFBC}") = "DaConsoleAsyncWrite", "C#\DaConsoleAsyncWrite\DaConsoleAsyncWrite.csproj", "{25ABA317-9B70-4007-8A96-5DC6A2E9AD86}"
EndProject
Project("{FAE04EC0-301F-11D3-BF4B-00C04F79EFBC}") = "DaSimpleAsync", "C#\DaSimpleAsync\DaSimpleAsync.csproj", "{7961F52C-F73C-4853-8483-FE31F3255CB5}"
EndProject
Project("{FAE04EC0-301F-11D3-BF4B-00C04F79EFBC}") = "DaSimpleSync", "C#\DaSimpleSync\DaSimpleSync.csproj", "{2DD9F989-9D0D-4E9C-BDB1-C22C0ED69C28}"
EndProject
Global
	GlobalSection(SolutionConfigurationPlatforms) = preSolution
		Debug|Any CPU = Debug|Any CPU
		Debug|x86 = Debug|x86
		Release|Any CPU = Release|Any CPU
		Release|x86 = Release|x86
	EndGlobalSection
	GlobalSection(ProjectConfigurationPlatforms) = postSolution
		{6142E9A6-5B32-423D-AEE2-DD23EA5B9BAB}.Debug|Any CPU.ActiveCfg = Debug|Any CPU
		{6142E9A6-5B32-423D-AEE2-DD23EA5B9BAB}.Debug|Any CPU.Build.0 = Debug|Any CPU
		{6142E9A6-5B32-423D-AEE2-DD23EA5B9BAB}.Debug|x86.ActiveCfg = Debug|x86
		{6142E9A6-5B32-423D-AEE2-DD23EA5B9BAB}.Debug|x86.Build.0 = Debug|x86
		{6142E9A6-5B32-423D-AEE2-DD23EA5B9BAB}.Release|Any CPU.ActiveCfg = Release|Any CPU
		{6142E9A6-5B32-423D-AEE2-DD23EA5B9BAB}.Release|Any CPU.Build.0 = Release|Any CPU
		{6142E9A6-5B32-423D-AEE2-DD23EA5B9BAB}.Release|x86.ActiveCfg = Release|x86
		{6142E9A6-5B32-423D-AEE2-DD23EA5B9BAB}.Release|x86.Build.0 = Release|x86
		{3156BE93-8C15-4CB0-AC22-782094E05344}.Debug|Any CPU.ActiveCfg = Debug|Any CPU
		{3156BE93-8C15-4CB0-AC22-782094E05344}.Debug|Any CPU.Build.0 = Debug|Any CPU
		{3156BE93-8C15-4CB0-AC22-782094E05344}.Debug|x86.ActiveCfg = Debug|x86
		{3156BE93-8C15-4CB0-AC22-782094E05344}.Debug|x86.Build.0 = Debug|x86
		{3156BE93-8C15-4CB0-AC22-782094E05344}.Release|Any CPU.ActiveCfg = Release|Any CPU
		{3156BE93-8C15-4CB0-AC22-782094E05344}.Release|Any CPU.Build.0 = Release|Any CPU
		{3156BE93-8C15-4CB0-AC22-782094E05344}.Release|x86.ActiveCfg = Release|x86
		{3156BE93-8C15-4CB0-AC22-782094E05344}.Release|x86.Build.0 = Release|x86
		{93559F35-12E1-406A-B851-F34B31B4393F}.Debug|Any CPU.ActiveCfg = Debug|Any CPU
		{93559F35-12E1-406A-B851-F34B31B4393F}.Debug|Any CPU.Build.0 = Debug|Any CPU
		{93559F35-12E1-406A-B851-F34B31B4393F}.Debug|x86.ActiveCfg = Debug|x86
		{93559F35-12E1-406A-B851-F34B31B4393F}.Debug|x86.Build.0 = Debug|x86
		{93559F35-12E1-406A-B851-F34B31B4393F}.Release|Any CPU.ActiveCfg = Release|Any CPU
		{93559F35-12E1-406A-B851-F34B31B4393F}.Release|Any CPU.Build.0 = Release|Any CPU
		{93559F35-12E1-406A-B851-F34B31B4393F}.Release|x86.ActiveCfg = Release|x86
		{93559F35-12E1-406A-B851-F34B31B4393F}.Release|x86.Build.0 = Release|x86
		{DF212605-CF31-4B39-A137-046E74E6EB8D}.Debug|Any CPU.ActiveCfg = Debug|Any CPU
		{DF212605-CF31-4B39-A137-046E74E6EB8D}.Debug|Any CPU.Build.0 = Debug|Any CPU
		{DF212605-CF31-4B39-A137-046E74E6EB8D}.Debug|x86.ActiveCfg = Debug|x86
		{DF212605-CF31-4B39-A137-046E74E6EB8D}.Debug|x86.Build.0 = Debug|x86
		{DF212605-CF31-4B39-A137-046E74E6EB8D}.Release|Any CPU.ActiveCfg = Release|Any CPU
		{DF212605-CF31-4B39-A137-046E74E6EB8D}.Release|Any CPU.Build.0 = Release|Any CPU
		{DF212605-CF31-4B39-A137-046E74E6EB8D}.Release|x86.ActiveCfg = Release|x86
		{DF212605-CF31-4B39-A137-046E74E6EB8D}.Release|x86.Build.0 = Release|x86
		{E6867FF5-74EC-4464-8958-D71CB46232F3}.Debug|Any CPU.ActiveCfg = Debug|Any CPU
		{E6867FF5-74EC-4464-8958-D71CB46232F3}.Debug|Any CPU.Build.0 = Debug|Any CPU
		{E6867FF5-74EC-4464-8958-D71CB46232F3}.Debug|x86.ActiveCfg = Debug|x86
		{E6867FF5-74EC-4464-8958-D71CB46232F3}.Debug|x86.Build.0 = Debug|x86
		{E6867FF5-74EC-4464-8958-D71CB46232F3}.Release|Any CPU.ActiveCfg = Release|Any CPU
		{E6867FF5-74EC-4464-8958-D71CB46232F3}.Release|Any CPU.Build.0 = Release|Any CPU
		{E6867FF5-74EC-4464-8958-D71CB46232F3}.Release|x86.ActiveCfg = Release|x86
		{E6867FF5-74EC-4464-8958-D71CB46232F3}.Release|x86.Build.0 = Release|x86
		{04E63504-A3AC-467C-946D-207E83754528}.Debug|Any CPU.ActiveCfg = Debug|Any CPU
		{04E63504-A3AC-467C-946D-207E83754528}.Debug|Any CPU.Build.0 = Debug|Any CPU
		{04E63504-A3AC-467C-946D-207E83754528}.Debug|x86.ActiveCfg = Debug|x86
		{04E63504-A3AC-467C-946D-207E83754528}.Debug|x86.Build.0 = Debug|x86
		{04E63504-A3AC-467C-946D-207E83754528}.Release|Any CPU.ActiveCfg = Release|Any CPU
		{04E63504-A3AC-467C-946D-207E83754528}.Release|Any CPU.Build.0 = Release|Any CPU
		{04E63504-A3AC-467C-946D-207E83754528}.Release|x86.ActiveCfg = Release|x86
		{04E63504-A3AC-467C-946D-207E83754528}.Release|x86.Build.0 = Release|x86
		{E710A894-58BD-48D0-8131-3034671A0B36}.Debug|Any CPU.ActiveCfg = Debug|Any CPU
		{E710A894-58BD-48D0-8131-3034671A0B36}.Debug|Any CPU.Build.0 = Debug|Any CPU
		{E710A894-58BD-48D0-8131-3034671A0B36}.Debug|x86.ActiveCfg = Debug|x86
		{E710A894-58BD-48D0-8131-3034671A0B36}.Debug|x86.Build.0 = Debug|x86
		{E710A894-58BD-48D0-8131-3034671A0B36}.Release|Any CPU.ActiveCfg = Release|Any CPU
		{E710A894-58BD-48D0-8131-3034671A0B36}.Release|Any CPU.Build.0 = Release|Any CPU
		{E710A894-58BD-48D0-8131-3034671A0B36}.Release|x86.ActiveCfg = Release|x86
		{E710A894-58BD-48D0-8131-3034671A0B36}.Release|x86.Build.0 = Release|x86
		{25ABA317-9B70-4007-8A96-5DC6A2E9AD86}.Debug|Any CPU.ActiveCfg = Debug|Any CPU
		{25ABA317-9B70-4007-8A96-5DC6A2E9AD86}.Debug|Any CPU.Build.0 = Debug|Any CPU
		{25ABA317-9B70-4007-8A96-5DC6A2E9AD86}.Debug|x86.ActiveCfg = Debug|x86
		{25ABA317-9B70-4007-8A96-5DC6A2E9AD86}.Debug|x86.Build.0 = Debug|x86
		{25ABA317-9B70-4007-8A96-5DC6A2E9AD86}.Release|Any CPU.ActiveCfg = Release|Any CPU
		{25ABA317-9B70-4007-8A96-5DC6A2E9AD86}.Release|Any CPU.Build.0 = Release|Any CPU
		{25ABA317-9B70-4007-8A96-5DC6A2E9AD86}.Release|x86.ActiveCfg = Release|x86
		{25ABA317-9B70-4007-8A96-5DC6A2E9AD86}.Release|x86.Build.0 = Release|x86
		{7961F52C-F73C-4853-8483-FE31F3255CB5}.Debug|Any CPU.ActiveCfg = Debug|Any CPU
		{7961F52C-F73C-4853-8483-FE31F3255CB5}.Debug|Any CPU.Build.0 = Debug|Any CPU
		{7961F52C-F73C-4853-8483-FE31F3255CB5}.Debug|x86.ActiveCfg = Debug|x86
		{7961F52C-F73C-4853-8483-FE31F3255CB5}.Debug|x86.Build.0 = Debug|x86
		{7961F52C-F73C-4853-8483-FE31F3255CB5}.Release|Any CPU.ActiveCfg = Release|Any CPU
		{7961F52C-F73C-4853-8483-FE31F3255CB5}.Release|Any CPU.Build.0 = Release|Any CPU
		{7961F52C-F73C-4853-8483-FE31F3255CB5}.Release|x86.ActiveCfg = Release|x86
		{7961F52C-F73C-4853-8483-FE31F3255CB5}.Release|x86.Build.0 = Release|x86
		{2DD9F989-9D0D-4E9C-BDB1-C22C0ED69C28}.Debug|Any CPU.ActiveCfg = Debug|Any CPU
		{2DD9F989-9D0D-4E9C-BDB1-C22C0ED69C28}.Debug|Any CPU.Build.0 = Debug|Any CPU
		{2DD9F989-9D0D-4E9C-BDB1-C22C0ED69C28}.Debug|x86.ActiveCfg = Debug|x86
		{2DD9F989-9D0D-4E9C-BDB1-C22C0ED69C28}.Debug|x86.Build.0 = Debug|x86
		{2DD9F989-9D0D-4E9C-BDB1-C22C0ED69C28}.Release|Any CPU.ActiveCfg = Release|Any CPU
		{2DD9F989-9D0D-4E9C-BDB1-C22C0ED69C28}.Release|Any CPU.Build.0 = Release|Any CPU
		{2DD9F989-9D0D-4E9C-BDB1-C22C0ED69C28}.Release|x86.ActiveCfg = Release|x86
		{2DD9F989-9D0D-4E9C-BDB1-C22C0ED69C28}.Release|x86.Build.0 = Release|x86
	EndGlobalSection
	GlobalSection(SolutionProperties) = preSolution
		HideSolutionNode = FALSE
	EndGlobalSection
	GlobalSection(NestedProjects) = preSolution
		{6142E9A6-5B32-423D-AEE2-DD23EA5B9BAB} = {82976A84-D964-4F76-B56E-77B8A9FAA8C9}
		{3156BE93-8C15-4CB0-AC22-782094E05344} = {82976A84-D964-4F76-B56E-77B8A9FAA8C9}
		{93559F35-12E1-406A-B851-F34B31B4393F} = {82976A84-D964-4F76-B56E-77B8A9FAA8C9}
		{DF212605-CF31-4B39-A137-046E74E6EB8D} = {82976A84-D964-4F76-B56E-77B8A9FAA8C9}
		{E6867FF5-74EC-4464-8958-D71CB46232F3} = {82976A84-D964-4F76-B56E-77B8A9FAA8C9}
		{04E63504-A3AC-467C-946D-207E83754528} = {E2ABFFD8-6F86-446E-A831-EFC0BDF23822}
		{E710A894-58BD-48D0-8131-3034671A0B36} = {E2ABFFD8-6F86-446E-A831-EFC0BDF23822}
		{25ABA317-9B70-4007-8A96-5DC6A2E9AD86} = {E2ABFFD8-6F86-446E-A831-EFC0BDF23822}
		{7961F52C-F73C-4853-8483-FE31F3255CB5} = {E2ABFFD8-6F86-446E-A831-EFC0BDF23822}
		{2DD9F989-9D0D-4E9C-BDB1-C22C0ED69C28} = {E2ABFFD8-6F86-446E-A831-EFC0BDF23822}
	EndGlobalSection
	GlobalSection(ExtensibilityGlobals) = postSolution
		SolutionGuid = {5776D1AE-5070-4C55-9D44-D5E132CE675F}
	EndGlobalSection
EndGlobal
